
Microsoft Visual Studio Solution File, Format Version 12.00
# Visual Studio Version 16
VisualStudioVersion = 16.0.29519.181
MinimumVisualStudioVersion = 10.0.40219.1
Project("{9A19103F-16F7-4668-BE54-9A1E7A4F7556}") = "EmuConsole", "EmuConsole\EmuConsole.csproj", "{99BACF34-7EBA-4A44-AABD-3BB93E2A64A9}"
EndProject
Project("{9A19103F-16F7-4668-BE54-9A1E7A4F7556}") = "EmuConsole.ExampleApp", "EmuConsole.ExampleApp\EmuConsole.ExampleApp.csproj", "{12EC8050-E3C4-416F-A34B-CB91FD1F6DF6}"
EndProject
Project("{9A19103F-16F7-4668-BE54-9A1E7A4F7556}") = "EmuConsole.Tests", "EmuConsole.Tests\EmuConsole.Tests.csproj", "{BE698487-59C4-41C4-9805-6EB3B775CFB6}"
EndProject
Project("{2150E333-8FDC-42A3-9474-1A3956D46DE8}") = "Solution Items", "Solution Items", "{AB75368F-5379-4F57-8760-84DED717AC7A}"
	ProjectSection(SolutionItems) = preProject
		..\README.md = ..\README.md
	EndProjectSection
EndProject
Global
	GlobalSection(SolutionConfigurationPlatforms) = preSolution
		Debug|Any CPU = Debug|Any CPU
		Release|Any CPU = Release|Any CPU
	EndGlobalSection
	GlobalSection(ProjectConfigurationPlatforms) = postSolution
		{99BACF34-7EBA-4A44-AABD-3BB93E2A64A9}.Debug|Any CPU.ActiveCfg = Debug|Any CPU
		{99BACF34-7EBA-4A44-AABD-3BB93E2A64A9}.Debug|Any CPU.Build.0 = Debug|Any CPU
		{99BACF34-7EBA-4A44-AABD-3BB93E2A64A9}.Release|Any CPU.ActiveCfg = Release|Any CPU
		{99BACF34-7EBA-4A44-AABD-3BB93E2A64A9}.Release|Any CPU.Build.0 = Release|Any CPU
		{12EC8050-E3C4-416F-A34B-CB91FD1F6DF6}.Debug|Any CPU.ActiveCfg = Debug|Any CPU
		{12EC8050-E3C4-416F-A34B-CB91FD1F6DF6}.Debug|Any CPU.Build.0 = Debug|Any CPU
		{12EC8050-E3C4-416F-A34B-CB91FD1F6DF6}.Release|Any CPU.ActiveCfg = Release|Any CPU
		{12EC8050-E3C4-416F-A34B-CB91FD1F6DF6}.Release|Any CPU.Build.0 = Release|Any CPU
		{BE698487-59C4-41C4-9805-6EB3B775CFB6}.Debug|Any CPU.ActiveCfg = Debug|Any CPU
		{BE698487-59C4-41C4-9805-6EB3B775CFB6}.Debug|Any CPU.Build.0 = Debug|Any CPU
		{BE698487-59C4-41C4-9805-6EB3B775CFB6}.Release|Any CPU.ActiveCfg = Release|Any CPU
		{BE698487-59C4-41C4-9805-6EB3B775CFB6}.Release|Any CPU.Build.0 = Release|Any CPU
	EndGlobalSection
	GlobalSection(SolutionProperties) = preSolution
		HideSolutionNode = FALSE
	EndGlobalSection
	GlobalSection(ExtensibilityGlobals) = postSolution
		SolutionGuid = {8C12DFF5-7EF9-43A5-8B8E-7D365F9F3434}
	EndGlobalSection
EndGlobal
